[[package]]
category = "dev"
description = "Atomic file writes."
marker = "sys_platform == \"win32\""
name = "atomicwrites"
optional = false
python-versions = ">=2.7, !=3.0.*, !=3.1.*, !=3.2.*, !=3.3.*"
version = "1.4.0"

[[package]]
category = "dev"
description = "Classes Without Boilerplate"
name = "attrs"
optional = false
python-versions = ">=2.7, !=3.0.*, !=3.1.*, !=3.2.*, !=3.3.*"
version = "20.1.0"

[package.extras]
dev = ["coverage (>=5.0.2)", "hypothesis", "pympler", "pytest (>=4.3.0)", "six", "zope.interface", "sphinx", "sphinx-rtd-theme", "pre-commit"]
docs = ["sphinx", "sphinx-rtd-theme", "zope.interface"]
tests = ["coverage (>=5.0.2)", "hypothesis", "pympler", "pytest (>=4.3.0)", "six", "zope.interface"]

[[package]]
category = "main"
description = "Foreign Function Interface for Python calling C code."
marker = "platform_python_implementation == \"CPython\" and sys_platform == \"win32\""
name = "cffi"
optional = false
python-versions = "*"
version = "1.14.2"

[package.dependencies]
pycparser = "*"

[[package]]
category = "main"
description = "Composable command line interface toolkit"
name = "click"
optional = false
python-versions = ">=2.7, !=3.0.*, !=3.1.*, !=3.2.*, !=3.3.*, !=3.4.*"
version = "7.1.2"

[[package]]
category = "dev"
description = "Cross-platform colored terminal text."
marker = "sys_platform == \"win32\""
name = "colorama"
optional = false
python-versions = ">=2.7, !=3.0.*, !=3.1.*, !=3.2.*, !=3.3.*, !=3.4.*"
version = "0.4.3"

[[package]]
category = "main"
description = "A simple framework for building complex web applications."
name = "flask"
optional = false
python-versions = ">=2.7, !=3.0.*, !=3.1.*, !=3.2.*, !=3.3.*, !=3.4.*"
version = "1.1.2"

[package.dependencies]
Jinja2 = ">=2.10.1"
Werkzeug = ">=0.15"
click = ">=5.1"
itsdangerous = ">=0.24"

[package.extras]
dev = ["pytest", "coverage", "tox", "sphinx", "pallets-sphinx-themes", "sphinxcontrib-log-cabinet", "sphinx-issues"]
docs = ["sphinx", "pallets-sphinx-themes", "sphinxcontrib-log-cabinet", "sphinx-issues"]
dotenv = ["python-dotenv"]

[[package]]
category = "main"
description = "Elegant WebSockets for your Flask apps."
name = "flask-sockets"
optional = false
python-versions = "*"
version = "0.2.1"

[package.dependencies]
Flask = "*"
gevent = "*"
gevent-websocket = "*"

[[package]]
category = "main"
description = "Coroutine-based network library"
name = "gevent"
optional = false
python-versions = ">=2.7,!=3.0.*,!=3.1.*,!=3.2.*,!=3.3.*,!=3.4.*"
version = "20.6.2"

[package.dependencies]
cffi = ">=1.12.2"
greenlet = ">=0.4.16"
setuptools = "*"
"zope.event" = "*"
"zope.interface" = "*"

[package.extras]
dnspython = ["dnspython (>=1.16.0)", "idna"]
docs = ["repoze.sphinx.autointerface", "sphinxcontrib-programoutput"]
monitor = ["psutil (>=5.7.0)"]
recommended = ["dnspython (>=1.16.0)", "idna", "cffi (>=1.12.2)", "selectors2", "backports.socketpair", "psutil (>=5.7.0)"]
test = ["dnspython (>=1.16.0)", "idna", "requests", "objgraph", "cffi (>=1.12.2)", "selectors2", "futures", "mock", "backports.socketpair", "contextvars (2.4)", "coverage (<5.0)", "coveralls (>=1.7.0)", "psutil (>=5.7.0)"]

[[package]]
category = "main"
description = "Websocket handler for the gevent pywsgi server, a Python network library"
name = "gevent-websocket"
optional = false
python-versions = "*"
version = "0.10.1"

[package.dependencies]
gevent = "*"

[[package]]
category = "main"
description = "Lightweight in-process concurrent programming"
marker = "platform_python_implementation == \"CPython\""
name = "greenlet"
optional = false
python-versions = "*"
version = "0.4.16"

[[package]]
category = "main"
description = "WSGI HTTP Server for UNIX"
name = "gunicorn"
optional = false
python-versions = ">=3.4"
version = "20.0.4"

[package.dependencies]
setuptools = ">=3.0"

[package.extras]
eventlet = ["eventlet (>=0.9.7)"]
gevent = ["gevent (>=0.13)"]
setproctitle = ["setproctitle"]
tornado = ["tornado (>=0.2)"]

[[package]]
category = "main"
description = "Various helpers to pass data to untrusted environments and back."
name = "itsdangerous"
optional = false
python-versions = ">=2.7, !=3.0.*, !=3.1.*, !=3.2.*, !=3.3.*"
version = "1.1.0"

[[package]]
category = "main"
description = "A very fast and expressive template engine."
name = "jinja2"
optional = false
python-versions = ">=2.7, !=3.0.*, !=3.1.*, !=3.2.*, !=3.3.*, !=3.4.*"
version = "2.11.2"

[package.dependencies]
MarkupSafe = ">=0.23"

[package.extras]
i18n = ["Babel (>=0.8)"]

[[package]]
category = "main"
description = "Safely add untrusted strings to HTML/XML markup."
name = "markupsafe"
optional = false
python-versions = ">=2.7,!=3.0.*,!=3.1.*,!=3.2.*,!=3.3.*"
version = "1.1.1"

[[package]]
category = "dev"
description = "More routines for operating on iterables, beyond itertools"
name = "more-itertools"
optional = false
python-versions = ">=3.5"
version = "8.5.0"

[[package]]
category = "main"
description = "NumPy is the fundamental package for array computing with Python."
name = "numpy"
optional = false
python-versions = ">=3.6"
version = "1.19.1"

[[package]]
category = "dev"
description = "Core utilities for Python packages"
name = "packaging"
optional = false
python-versions = ">=2.7, !=3.0.*, !=3.1.*, !=3.2.*, !=3.3.*"
version = "20.4"

[package.dependencies]
pyparsing = ">=2.0.2"
six = "*"

[[package]]
category = "dev"
description = "plugin and hook calling mechanisms for python"
name = "pluggy"
optional = false
python-versions = ">=2.7, !=3.0.*, !=3.1.*, !=3.2.*, !=3.3.*"
version = "0.13.1"

[package.extras]
dev = ["pre-commit", "tox"]

[[package]]
category = "dev"
description = "library with cross-python path, ini-parsing, io, code, log facilities"
name = "py"
optional = false
python-versions = ">=2.7, !=3.0.*, !=3.1.*, !=3.2.*, !=3.3.*"
version = "1.9.0"

[[package]]
category = "main"
description = "C parser in Python"
marker = "platform_python_implementation == \"CPython\" and sys_platform == \"win32\""
name = "pycparser"
optional = false
python-versions = ">=2.7, !=3.0.*, !=3.1.*, !=3.2.*, !=3.3.*"
version = "2.20"

[[package]]
category = "dev"
description = "Python parsing module"
name = "pyparsing"
optional = false
python-versions = ">=2.6, !=3.0.*, !=3.1.*, !=3.2.*"
version = "2.4.7"

[[package]]
category = "dev"
description = "pytest: simple powerful testing with Python"
name = "pytest"
optional = false
python-versions = ">=3.5"
version = "5.4.3"

[package.dependencies]
atomicwrites = ">=1.0"
attrs = ">=17.4.0"
colorama = "*"
more-itertools = ">=4.0.0"
packaging = "*"
pluggy = ">=0.12,<1.0"
py = ">=1.5.0"
wcwidth = "*"

[package.extras]
checkqa-mypy = ["mypy (v0.761)"]
testing = ["argcomplete", "hypothesis (>=3.56)", "mock", "nose", "requests", "xmlschema"]

[[package]]
category = "dev"
description = "Python 2 and 3 compatibility utilities"
name = "six"
optional = false
python-versions = ">=2.7, !=3.0.*, !=3.1.*, !=3.2.*"
version = "1.15.0"

[[package]]
category = "dev"
description = "Measures the displayed width of unicode strings in a terminal"
name = "wcwidth"
optional = false
python-versions = "*"
version = "0.2.5"

[[package]]
category = "main"
description = "The comprehensive WSGI web application library."
name = "werkzeug"
optional = false
python-versions = ">=2.7, !=3.0.*, !=3.1.*, !=3.2.*, !=3.3.*, !=3.4.*"
version = "1.0.1"

[package.extras]
dev = ["pytest", "pytest-timeout", "coverage", "tox", "sphinx", "pallets-sphinx-themes", "sphinx-issues"]
watchdog = ["watchdog"]

[[package]]
category = "main"
description = "Very basic event publishing system"
name = "zope.event"
optional = false
python-versions = "*"
version = "4.4"

[package.dependencies]
setuptools = "*"

[package.extras]
docs = ["sphinx"]
test = ["zope.testrunner"]

[[package]]
category = "main"
description = "Interfaces for Python"
name = "zope.interface"
optional = false
python-versions = ">=2.7, !=3.0.*, !=3.1.*, !=3.2.*, !=3.3.*, !=3.4.*"
version = "5.1.0"

[package.dependencies]
setuptools = "*"

[package.extras]
docs = ["sphinx", "repoze.sphinx.autointerface"]
test = ["coverage (>=5.0.3)", "zope.event", "zope.testing"]
testing = ["coverage (>=5.0.3)", "zope.event", "zope.testing"]

[metadata]
content-hash = "dfd97749f3bb8ad91140f0d88ccbcdade5b5d856612c9087ef753aa8d1f8ea2e"
lock-version = "1.0"
python-versions = "^3.8"

[metadata.files]
atomicwrites = [
    {file = "atomicwrites-1.4.0-py2.py3-none-any.whl", hash = "sha256:6d1784dea7c0c8d4a5172b6c620f40b6e4cbfdf96d783691f2e1302a7b88e197"},
    {file = "atomicwrites-1.4.0.tar.gz", hash = "sha256:ae70396ad1a434f9c7046fd2dd196fc04b12f9e91ffb859164193be8b6168a7a"},
]
attrs = [
    {file = "attrs-20.1.0-py2.py3-none-any.whl", hash = "sha256:2867b7b9f8326499ab5b0e2d12801fa5c98842d2cbd22b35112ae04bf85b4dff"},
    {file = "attrs-20.1.0.tar.gz", hash = "sha256:0ef97238856430dcf9228e07f316aefc17e8939fc8507e18c6501b761ef1a42a"},
]
cffi = [
    {file = "cffi-1.14.2-cp27-cp27m-macosx_10_9_x86_64.whl", hash = "sha256:da9d3c506f43e220336433dffe643fbfa40096d408cb9b7f2477892f369d5f82"},
    {file = "cffi-1.14.2-cp27-cp27m-manylinux1_i686.whl", hash = "sha256:23e44937d7695c27c66a54d793dd4b45889a81b35c0751ba91040fe825ec59c4"},
    {file = "cffi-1.14.2-cp27-cp27m-manylinux1_x86_64.whl", hash = "sha256:0da50dcbccd7cb7e6c741ab7912b2eff48e85af217d72b57f80ebc616257125e"},
    {file = "cffi-1.14.2-cp27-cp27m-win32.whl", hash = "sha256:76ada88d62eb24de7051c5157a1a78fd853cca9b91c0713c2e973e4196271d0c"},
    {file = "cffi-1.14.2-cp27-cp27m-win_amd64.whl", hash = "sha256:15a5f59a4808f82d8ec7364cbace851df591c2d43bc76bcbe5c4543a7ddd1bf1"},
    {file = "cffi-1.14.2-cp27-cp27mu-manylinux1_i686.whl", hash = "sha256:e4082d832e36e7f9b2278bc774886ca8207346b99f278e54c9de4834f17232f7"},
    {file = "cffi-1.14.2-cp27-cp27mu-manylinux1_x86_64.whl", hash = "sha256:57214fa5430399dffd54f4be37b56fe22cedb2b98862550d43cc085fb698dc2c"},
    {file = "cffi-1.14.2-cp35-cp35m-macosx_10_9_x86_64.whl", hash = "sha256:6843db0343e12e3f52cc58430ad559d850a53684f5b352540ca3f1bc56df0731"},
    {file = "cffi-1.14.2-cp35-cp35m-manylinux1_i686.whl", hash = "sha256:577791f948d34d569acb2d1add5831731c59d5a0c50a6d9f629ae1cefd9ca4a0"},
    {file = "cffi-1.14.2-cp35-cp35m-manylinux1_x86_64.whl", hash = "sha256:8662aabfeab00cea149a3d1c2999b0731e70c6b5bac596d95d13f643e76d3d4e"},
    {file = "cffi-1.14.2-cp35-cp35m-win32.whl", hash = "sha256:837398c2ec00228679513802e3744d1e8e3cb1204aa6ad408b6aff081e99a487"},
    {file = "cffi-1.14.2-cp35-cp35m-win_amd64.whl", hash = "sha256:bf44a9a0141a082e89c90e8d785b212a872db793a0080c20f6ae6e2a0ebf82ad"},
    {file = "cffi-1.14.2-cp36-cp36m-macosx_10_9_x86_64.whl", hash = "sha256:29c4688ace466a365b85a51dcc5e3c853c1d283f293dfcc12f7a77e498f160d2"},
    {file = "cffi-1.14.2-cp36-cp36m-manylinux1_i686.whl", hash = "sha256:99cc66b33c418cd579c0f03b77b94263c305c389cb0c6972dac420f24b3bf123"},
    {file = "cffi-1.14.2-cp36-cp36m-manylinux1_x86_64.whl", hash = "sha256:65867d63f0fd1b500fa343d7798fa64e9e681b594e0a07dc934c13e76ee28fb1"},
    {file = "cffi-1.14.2-cp36-cp36m-win32.whl", hash = "sha256:f5033952def24172e60493b68717792e3aebb387a8d186c43c020d9363ee7281"},
    {file = "cffi-1.14.2-cp36-cp36m-win_amd64.whl", hash = "sha256:7057613efefd36cacabbdbcef010e0a9c20a88fc07eb3e616019ea1692fa5df4"},
    {file = "cffi-1.14.2-cp37-cp37m-macosx_10_9_x86_64.whl", hash = "sha256:6539314d84c4d36f28d73adc1b45e9f4ee2a89cdc7e5d2b0a6dbacba31906798"},
    {file = "cffi-1.14.2-cp37-cp37m-manylinux1_i686.whl", hash = "sha256:672b539db20fef6b03d6f7a14b5825d57c98e4026401fce838849f8de73fe4d4"},
    {file = "cffi-1.14.2-cp37-cp37m-manylinux1_x86_64.whl", hash = "sha256:95e9094162fa712f18b4f60896e34b621df99147c2cee216cfa8f022294e8e9f"},
    {file = "cffi-1.14.2-cp37-cp37m-win32.whl", hash = "sha256:b9aa9d8818c2e917fa2c105ad538e222a5bce59777133840b93134022a7ce650"},
    {file = "cffi-1.14.2-cp37-cp37m-win_amd64.whl", hash = "sha256:e4b9b7af398c32e408c00eb4e0d33ced2f9121fd9fb978e6c1b57edd014a7d15"},
    {file = "cffi-1.14.2-cp38-cp38-macosx_10_9_x86_64.whl", hash = "sha256:e613514a82539fc48291d01933951a13ae93b6b444a88782480be32245ed4afa"},
    {file = "cffi-1.14.2-cp38-cp38-manylinux1_i686.whl", hash = "sha256:9b219511d8b64d3fa14261963933be34028ea0e57455baf6781fe399c2c3206c"},
    {file = "cffi-1.14.2-cp38-cp38-manylinux1_x86_64.whl", hash = "sha256:c0b48b98d79cf795b0916c57bebbc6d16bb43b9fc9b8c9f57f4cf05881904c75"},
    {file = "cffi-1.14.2-cp38-cp38-win32.whl", hash = "sha256:15419020b0e812b40d96ec9d369b2bc8109cc3295eac6e013d3261343580cc7e"},
    {file = "cffi-1.14.2-cp38-cp38-win_amd64.whl", hash = "sha256:12a453e03124069b6896107ee133ae3ab04c624bb10683e1ed1c1663df17c13c"},
    {file = "cffi-1.14.2.tar.gz", hash = "sha256:ae8f34d50af2c2154035984b8b5fc5d9ed63f32fe615646ab435b05b132ca91b"},
]
click = [
    {file = "click-7.1.2-py2.py3-none-any.whl", hash = "sha256:dacca89f4bfadd5de3d7489b7c8a566eee0d3676333fbb50030263894c38c0dc"},
    {file = "click-7.1.2.tar.gz", hash = "sha256:d2b5255c7c6349bc1bd1e59e08cd12acbbd63ce649f2588755783aa94dfb6b1a"},
]
colorama = [
    {file = "colorama-0.4.3-py2.py3-none-any.whl", hash = "sha256:7d73d2a99753107a36ac6b455ee49046802e59d9d076ef8e47b61499fa29afff"},
    {file = "colorama-0.4.3.tar.gz", hash = "sha256:e96da0d330793e2cb9485e9ddfd918d456036c7149416295932478192f4436a1"},
]
flask = [
    {file = "Flask-1.1.2-py2.py3-none-any.whl", hash = "sha256:8a4fdd8936eba2512e9c85df320a37e694c93945b33ef33c89946a340a238557"},
    {file = "Flask-1.1.2.tar.gz", hash = "sha256:4efa1ae2d7c9865af48986de8aeb8504bf32c7f3d6fdc9353d34b21f4b127060"},
]
flask-sockets = [
    {file = "Flask-Sockets-0.2.1.tar.gz", hash = "sha256:072927da8edca0e81e024f5787e643c87d80b351b714de95d723becb30e0643b"},
    {file = "Flask_Sockets-0.2.1-py2.py3-none-any.whl", hash = "sha256:350a76d55f5889f64afd2ca9b32f262680b7960965f0830365576307d30cfe1e"},
]
gevent = [
    {file = "gevent-20.6.2-cp27-cp27m-macosx_10_15_x86_64.whl", hash = "sha256:b03890bbddbae5667f5baad517417056496ff5e92c3c7945b27cc08f55a9fcb2"},
    {file = "gevent-20.6.2-cp27-cp27m-macosx_10_9_x86_64.whl", hash = "sha256:1ea0d34cb78cdf37870be3bfb9330ebda89197bed9e048c14f4a90dec19a33e0"},
    {file = "gevent-20.6.2-cp27-cp27m-manylinux2010_x86_64.whl", hash = "sha256:73eb4cf3114fbb5dd801bd0b93941adfa2fa6d99e91976c20a121ea14b8b39b9"},
    {file = "gevent-20.6.2-cp27-cp27m-win32.whl", hash = "sha256:f41cc8e853ac2252bc58f6feabd74b8aae613e2d19097c5373463122f4dc08f0"},
    {file = "gevent-20.6.2-cp27-cp27m-win_amd64.whl", hash = "sha256:d3baff87d935a5eeffb0e4f7cd5ffe258d2430cd62aeee2e5396f85da07df435"},
    {file = "gevent-20.6.2-cp27-cp27mu-manylinux2010_x86_64.whl", hash = "sha256:7d8408854ce892f987305a0e9bf5c051f4ea29453665454396d6afb620c719b6"},
    {file = "gevent-20.6.2-cp35-cp35m-manylinux2010_x86_64.whl", hash = "sha256:ea2e4584950186b71d648bde6af40dae4d4c6f43db25a732ec056b27a7a83afe"},
    {file = "gevent-20.6.2-cp35-cp35m-win32.whl", hash = "sha256:c0f4340e40e0f9dfe93a52a12ddf5b1eeda9bbc89b99bf3b9b23acab0dfae0a4"},
    {file = "gevent-20.6.2-cp35-cp35m-win_amd64.whl", hash = "sha256:13c74d6784ef5ada2666abf2bb310d27a1d14291f7cac46148f336b19f714d40"},
    {file = "gevent-20.6.2-cp36-cp36m-macosx_10_15_x86_64.whl", hash = "sha256:78bd94f6f2ac366155169df3507068f6381f2ad77625633189ce183f86a57597"},
    {file = "gevent-20.6.2-cp36-cp36m-macosx_10_9_x86_64.whl", hash = "sha256:0b16dd85eddaf6acdad373ce90ed4da09ef466cbc5e0ee5932d13f099929e844"},
    {file = "gevent-20.6.2-cp36-cp36m-manylinux2010_x86_64.whl", hash = "sha256:a47556cac07e31b3cef8fd701599b3b1365961fe3736471f41807ffa27c5c848"},
    {file = "gevent-20.6.2-cp36-cp36m-win32.whl", hash = "sha256:bef18b8bd3b728240b9bbd699737216b793d6c97b482431f69dcbe328ad73692"},
    {file = "gevent-20.6.2-cp36-cp36m-win_amd64.whl", hash = "sha256:d0a67a20ce325f6a2068e0bd9fbf83db8a5f5ced972ed8ac5c20079a7d98c7d1"},
    {file = "gevent-20.6.2-cp37-cp37m-macosx_10_15_x86_64.whl", hash = "sha256:b17915b65b49a425115ddc3087484c81b1e47ce38c931d18bb14e453753e4d06"},
    {file = "gevent-20.6.2-cp37-cp37m-macosx_10_9_x86_64.whl", hash = "sha256:ebb8a545112110e3a6edf905ae1556b0538fc148c743aa7d8cfaebbbc23de31d"},
    {file = "gevent-20.6.2-cp37-cp37m-manylinux2010_x86_64.whl", hash = "sha256:6c864b5604166ac8351e3128a1135b883b9e978fd24afbd75a249dcb42bc8ab5"},
    {file = "gevent-20.6.2-cp37-cp37m-win32.whl", hash = "sha256:e5ca5ee80a9d9e697c9fc22b4bbce9ad06870f83fc8e7774e5504892ef702476"},
    {file = "gevent-20.6.2-cp37-cp37m-win_amd64.whl", hash = "sha256:f2a02d9004ccb18edd9eaf6f25da9a7763de41a69754d5e4d872a8cbf8bd0b72"},
    {file = "gevent-20.6.2-cp38-cp38-macosx_10_15_x86_64.whl", hash = "sha256:354f932c284fa45826b32f42927d892096cce05671b50b3ff59528230217ad47"},
    {file = "gevent-20.6.2-cp38-cp38-macosx_10_9_x86_64.whl", hash = "sha256:67776cb33b638a3c61a0351d9d1e8f33a46b47de619e249de1159892f9ff035c"},
    {file = "gevent-20.6.2-cp38-cp38-manylinux2010_x86_64.whl", hash = "sha256:68764aca061bbbbade43727e797f9c28042f6d90cca5fb6514ef726d43ab00ca"},
    {file = "gevent-20.6.2-cp38-cp38-win32.whl", hash = "sha256:0f3fbb1703b10609856e5dffb0e358bf5edf57e52dc7cd7226e3f8674fdc0a0f"},
    {file = "gevent-20.6.2-cp38-cp38-win_amd64.whl", hash = "sha256:a18d8dd9bfa994a22f30adfa0563d80f0809140045c34f85535f422813d25855"},
    {file = "gevent-20.6.2-cp39-cp39-manylinux2010_x86_64.whl", hash = "sha256:9527087984f1659be899b3300d5d61c7c5b01d8beae106aff5160316da8bc56f"},
    {file = "gevent-20.6.2-pp27-pypy_73-macosx_10_7_x86_64.whl", hash = "sha256:76ef4c6e3332e6f7278142d791b28695adfce39735900fccef2a0f1d894f6b36"},
    {file = "gevent-20.6.2-pp27-pypy_73-win32.whl", hash = "sha256:3cb2f6978615d52e4e4e667b035c11a7272bb68b14d119faf1b138164b2f354f"},
    {file = "gevent-20.6.2.tar.gz", hash = "sha256:a23c2abf08e851c988723f6a2996d495f513a2c0dc70f9956af03af8debdb5d1"},
]
gevent-websocket = [
    {file = "gevent-websocket-0.10.1.tar.gz", hash = "sha256:7eaef32968290c9121f7c35b973e2cc302ffb076d018c9068d2f5ca8b2d85fb0"},
    {file = "gevent_websocket-0.10.1-py3-none-any.whl", hash = "sha256:17b67d91282f8f4c973eba0551183fc84f56f1c90c8f6b6b30256f31f66f5242"},
]
greenlet = [
    {file = "greenlet-0.4.16-cp27-cp27m-manylinux1_x86_64.whl", hash = "sha256:80cb0380838bf4e48da6adedb0c7cd060c187bb4a75f67a5aa9ec33689b84872"},
    {file = "greenlet-0.4.16-cp27-cp27m-win32.whl", hash = "sha256:df7de669cbf21de4b04a3ffc9920bc8426cab4c61365fa84d79bf97401a8bef7"},
    {file = "greenlet-0.4.16-cp27-cp27m-win_amd64.whl", hash = "sha256:1429dc183b36ec972055e13250d96e174491559433eb3061691b446899b87384"},
    {file = "greenlet-0.4.16-cp27-cp27mu-manylinux1_x86_64.whl", hash = "sha256:5ea034d040e6ab1d2ae04ab05a3f37dbd719c4dee3804b13903d4cc794b1336e"},
    {file = "greenlet-0.4.16-cp35-cp35m-manylinux1_x86_64.whl", hash = "sha256:c196a5394c56352e21cb7224739c6dd0075b69dd56f758505951d1d8d68cf8a9"},
    {file = "greenlet-0.4.16-cp35-cp35m-win32.whl", hash = "sha256:1000038ba0ea9032948e2156a9c15f5686f36945e8f9906e6b8db49f358e7b52"},
    {file = "greenlet-0.4.16-cp35-cp35m-win_amd64.whl", hash = "sha256:1b805231bfb7b2900a16638c3c8b45c694334c811f84463e52451e00c9412691"},
    {file = "greenlet-0.4.16-cp36-cp36m-manylinux1_x86_64.whl", hash = "sha256:e5db19d4a7d41bbeb3dd89b49fc1bc7e6e515b51bbf32589c618655a0ebe0bf0"},
    {file = "greenlet-0.4.16-cp36-cp36m-win32.whl", hash = "sha256:eac2a3f659d5f41d6bbfb6a97733bc7800ea5e906dc873732e00cebb98cec9e4"},
    {file = "greenlet-0.4.16-cp36-cp36m-win_amd64.whl", hash = "sha256:7eed31f4efc8356e200568ba05ad645525f1fbd8674f1e5be61a493e715e3873"},
    {file = "greenlet-0.4.16-cp37-cp37m-manylinux1_x86_64.whl", hash = "sha256:682328aa576ec393c1872615bcb877cf32d800d4a2f150e1a5dc7e56644010b1"},
    {file = "greenlet-0.4.16-cp37-cp37m-win32.whl", hash = "sha256:3a35e33902b2e6079949feed7a2dafa5ac6f019da97bd255842bb22de3c11bf5"},
    {file = "greenlet-0.4.16-cp37-cp37m-win_amd64.whl", hash = "sha256:b0b2a984bbfc543d144d88caad6cc7ff4a71be77102014bd617bd88cfb038727"},
    {file = "greenlet-0.4.16-cp38-cp38-manylinux1_x86_64.whl", hash = "sha256:d83c1d38658b0f81c282b41238092ed89d8f93c6e342224ab73fb39e16848721"},
    {file = "greenlet-0.4.16-cp38-cp38-win32.whl", hash = "sha256:e695ac8c3efe124d998230b219eb51afb6ef10524a50b3c45109c4b77a8a3a92"},
    {file = "greenlet-0.4.16-cp38-cp38-win_amd64.whl", hash = "sha256:133ba06bad4e5f2f8bf6a0ac434e0fd686df749a86b3478903b92ec3a9c0c90b"},
    {file = "greenlet-0.4.16.tar.gz", hash = "sha256:6e06eac722676797e8fce4adb8ad3dc57a1bb3adfb0dd3fdf8306c055a38456c"},
]
gunicorn = [
    {file = "gunicorn-20.0.4-py2.py3-none-any.whl", hash = "sha256:cd4a810dd51bf497552cf3f863b575dabd73d6ad6a91075b65936b151cbf4f9c"},
    {file = "gunicorn-20.0.4.tar.gz", hash = "sha256:1904bb2b8a43658807108d59c3f3d56c2b6121a701161de0ddf9ad140073c626"},
]
itsdangerous = [
    {file = "itsdangerous-1.1.0-py2.py3-none-any.whl", hash = "sha256:b12271b2047cb23eeb98c8b5622e2e5c5e9abd9784a153e9d8ef9cb4dd09d749"},
    {file = "itsdangerous-1.1.0.tar.gz", hash = "sha256:321b033d07f2a4136d3ec762eac9f16a10ccd60f53c0c91af90217ace7ba1f19"},
]
jinja2 = [
    {file = "Jinja2-2.11.2-py2.py3-none-any.whl", hash = "sha256:f0a4641d3cf955324a89c04f3d94663aa4d638abe8f733ecd3582848e1c37035"},
    {file = "Jinja2-2.11.2.tar.gz", hash = "sha256:89aab215427ef59c34ad58735269eb58b1a5808103067f7bb9d5836c651b3bb0"},
]
markupsafe = [
    {file = "MarkupSafe-1.1.1-cp27-cp27m-macosx_10_6_intel.whl", hash = "sha256:09027a7803a62ca78792ad89403b1b7a73a01c8cb65909cd876f7fcebd79b161"},
    {file = "MarkupSafe-1.1.1-cp27-cp27m-manylinux1_i686.whl", hash = "sha256:e249096428b3ae81b08327a63a485ad0878de3fb939049038579ac0ef61e17e7"},
    {file = "MarkupSafe-1.1.1-cp27-cp27m-manylinux1_x86_64.whl", hash = "sha256:500d4957e52ddc3351cabf489e79c91c17f6e0899158447047588650b5e69183"},
    {file = "MarkupSafe-1.1.1-cp27-cp27m-win32.whl", hash = "sha256:b2051432115498d3562c084a49bba65d97cf251f5a331c64a12ee7e04dacc51b"},
    {file = "MarkupSafe-1.1.1-cp27-cp27m-win_amd64.whl", hash = "sha256:98c7086708b163d425c67c7a91bad6e466bb99d797aa64f965e9d25c12111a5e"},
    {file = "MarkupSafe-1.1.1-cp27-cp27mu-manylinux1_i686.whl", hash = "sha256:cd5df75523866410809ca100dc9681e301e3c27567cf498077e8551b6d20e42f"},
    {file = "MarkupSafe-1.1.1-cp27-cp27mu-manylinux1_x86_64.whl", hash = "sha256:43a55c2930bbc139570ac2452adf3d70cdbb3cfe5912c71cdce1c2c6bbd9c5d1"},
    {file = "MarkupSafe-1.1.1-cp34-cp34m-macosx_10_6_intel.whl", hash = "sha256:1027c282dad077d0bae18be6794e6b6b8c91d58ed8a8d89a89d59693b9131db5"},
    {file = "MarkupSafe-1.1.1-cp34-cp34m-manylinux1_i686.whl", hash = "sha256:62fe6c95e3ec8a7fad637b7f3d372c15ec1caa01ab47926cfdf7a75b40e0eac1"},
    {file = "MarkupSafe-1.1.1-cp34-cp34m-manylinux1_x86_64.whl", hash = "sha256:88e5fcfb52ee7b911e8bb6d6aa2fd21fbecc674eadd44118a9cc3863f938e735"},
    {file = "MarkupSafe-1.1.1-cp34-cp34m-win32.whl", hash = "sha256:ade5e387d2ad0d7ebf59146cc00c8044acbd863725f887353a10df825fc8ae21"},
    {file = "MarkupSafe-1.1.1-cp34-cp34m-win_amd64.whl", hash = "sha256:09c4b7f37d6c648cb13f9230d847adf22f8171b1ccc4d5682398e77f40309235"},
    {file = "MarkupSafe-1.1.1-cp35-cp35m-macosx_10_6_intel.whl", hash = "sha256:79855e1c5b8da654cf486b830bd42c06e8780cea587384cf6545b7d9ac013a0b"},
    {file = "MarkupSafe-1.1.1-cp35-cp35m-manylinux1_i686.whl", hash = "sha256:c8716a48d94b06bb3b2524c2b77e055fb313aeb4ea620c8dd03a105574ba704f"},
    {file = "MarkupSafe-1.1.1-cp35-cp35m-manylinux1_x86_64.whl", hash = "sha256:7c1699dfe0cf8ff607dbdcc1e9b9af1755371f92a68f706051cc8c37d447c905"},
    {file = "MarkupSafe-1.1.1-cp35-cp35m-win32.whl", hash = "sha256:6dd73240d2af64df90aa7c4e7481e23825ea70af4b4922f8ede5b9e35f78a3b1"},
    {file = "MarkupSafe-1.1.1-cp35-cp35m-win_amd64.whl", hash = "sha256:9add70b36c5666a2ed02b43b335fe19002ee5235efd4b8a89bfcf9005bebac0d"},
    {file = "MarkupSafe-1.1.1-cp36-cp36m-macosx_10_6_intel.whl", hash = "sha256:24982cc2533820871eba85ba648cd53d8623687ff11cbb805be4ff7b4c971aff"},
    {file = "MarkupSafe-1.1.1-cp36-cp36m-manylinux1_i686.whl", hash = "sha256:00bc623926325b26bb9605ae9eae8a215691f33cae5df11ca5424f06f2d1f473"},
    {file = "MarkupSafe-1.1.1-cp36-cp36m-manylinux1_x86_64.whl", hash = "sha256:717ba8fe3ae9cc0006d7c451f0bb265ee07739daf76355d06366154ee68d221e"},
    {file = "MarkupSafe-1.1.1-cp36-cp36m-win32.whl", hash = "sha256:535f6fc4d397c1563d08b88e485c3496cf5784e927af890fb3c3aac7f933ec66"},
    {file = "MarkupSafe-1.1.1-cp36-cp36m-win_amd64.whl", hash = "sha256:b1282f8c00509d99fef04d8ba936b156d419be841854fe901d8ae224c59f0be5"},
    {file = "MarkupSafe-1.1.1-cp37-cp37m-macosx_10_6_intel.whl", hash = "sha256:8defac2f2ccd6805ebf65f5eeb132adcf2ab57aa11fdf4c0dd5169a004710e7d"},
    {file = "MarkupSafe-1.1.1-cp37-cp37m-manylinux1_i686.whl", hash = "sha256:46c99d2de99945ec5cb54f23c8cd5689f6d7177305ebff350a58ce5f8de1669e"},
    {file = "MarkupSafe-1.1.1-cp37-cp37m-manylinux1_x86_64.whl", hash = "sha256:ba59edeaa2fc6114428f1637ffff42da1e311e29382d81b339c1817d37ec93c6"},
    {file = "MarkupSafe-1.1.1-cp37-cp37m-win32.whl", hash = "sha256:b00c1de48212e4cc9603895652c5c410df699856a2853135b3967591e4beebc2"},
    {file = "MarkupSafe-1.1.1-cp37-cp37m-win_amd64.whl", hash = "sha256:9bf40443012702a1d2070043cb6291650a0841ece432556f784f004937f0f32c"},
    {file = "MarkupSafe-1.1.1-cp38-cp38-macosx_10_9_x86_64.whl", hash = "sha256:6788b695d50a51edb699cb55e35487e430fa21f1ed838122d722e0ff0ac5ba15"},
    {file = "MarkupSafe-1.1.1-cp38-cp38-manylinux1_i686.whl", hash = "sha256:cdb132fc825c38e1aeec2c8aa9338310d29d337bebbd7baa06889d09a60a1fa2"},
    {file = "MarkupSafe-1.1.1-cp38-cp38-manylinux1_x86_64.whl", hash = "sha256:13d3144e1e340870b25e7b10b98d779608c02016d5184cfb9927a9f10c689f42"},
    {file = "MarkupSafe-1.1.1-cp38-cp38-win32.whl", hash = "sha256:596510de112c685489095da617b5bcbbac7dd6384aeebeda4df6025d0256a81b"},
    {file = "MarkupSafe-1.1.1-cp38-cp38-win_amd64.whl", hash = "sha256:e8313f01ba26fbbe36c7be1966a7b7424942f670f38e666995b88d012765b9be"},
    {file = "MarkupSafe-1.1.1.tar.gz", hash = "sha256:29872e92839765e546828bb7754a68c418d927cd064fd4708fab9fe9c8bb116b"},
]
more-itertools = [
    {file = "more-itertools-8.5.0.tar.gz", hash = "sha256:6f83822ae94818eae2612063a5101a7311e68ae8002005b5e05f03fd74a86a20"},
    {file = "more_itertools-8.5.0-py3-none-any.whl", hash = "sha256:9b30f12df9393f0d28af9210ff8efe48d10c94f73e5daf886f10c4b0b0b4f03c"},
]
numpy = [
    {file = "numpy-1.19.1-cp36-cp36m-macosx_10_9_x86_64.whl", hash = "sha256:b1cca51512299841bf69add3b75361779962f9cee7d9ee3bb446d5982e925b69"},
    {file = "numpy-1.19.1-cp36-cp36m-manylinux1_i686.whl", hash = "sha256:c9591886fc9cbe5532d5df85cb8e0cc3b44ba8ce4367bd4cf1b93dc19713da72"},
    {file = "numpy-1.19.1-cp36-cp36m-manylinux1_x86_64.whl", hash = "sha256:cf1347450c0b7644ea142712619533553f02ef23f92f781312f6a3553d031fc7"},
    {file = "numpy-1.19.1-cp36-cp36m-manylinux2010_i686.whl", hash = "sha256:ed8a311493cf5480a2ebc597d1e177231984c818a86875126cfd004241a73c3e"},
    {file = "numpy-1.19.1-cp36-cp36m-manylinux2010_x86_64.whl", hash = "sha256:3673c8b2b29077f1b7b3a848794f8e11f401ba0b71c49fbd26fb40b71788b132"},
    {file = "numpy-1.19.1-cp36-cp36m-manylinux2014_aarch64.whl", hash = "sha256:56ef7f56470c24bb67fb43dae442e946a6ce172f97c69f8d067ff8550cf782ff"},
    {file = "numpy-1.19.1-cp36-cp36m-win32.whl", hash = "sha256:aaf42a04b472d12515debc621c31cf16c215e332242e7a9f56403d814c744624"},
    {file = "numpy-1.19.1-cp36-cp36m-win_amd64.whl", hash = "sha256:082f8d4dd69b6b688f64f509b91d482362124986d98dc7dc5f5e9f9b9c3bb983"},
    {file = "numpy-1.19.1-cp37-cp37m-macosx_10_9_x86_64.whl", hash = "sha256:e4f6d3c53911a9d103d8ec9518190e52a8b945bab021745af4939cfc7c0d4a9e"},
    {file = "numpy-1.19.1-cp37-cp37m-manylinux1_i686.whl", hash = "sha256:5b6885c12784a27e957294b60f97e8b5b4174c7504665333c5e94fbf41ae5d6a"},
    {file = "numpy-1.19.1-cp37-cp37m-manylinux1_x86_64.whl", hash = "sha256:1bc0145999e8cb8aed9d4e65dd8b139adf1919e521177f198529687dbf613065"},
    {file = "numpy-1.19.1-cp37-cp37m-manylinux2010_i686.whl", hash = "sha256:5a936fd51049541d86ccdeef2833cc89a18e4d3808fe58a8abeb802665c5af93"},
    {file = "numpy-1.19.1-cp37-cp37m-manylinux2010_x86_64.whl", hash = "sha256:ef71a1d4fd4858596ae80ad1ec76404ad29701f8ca7cdcebc50300178db14dfc"},
    {file = "numpy-1.19.1-cp37-cp37m-manylinux2014_aarch64.whl", hash = "sha256:b9792b0ac0130b277536ab8944e7b754c69560dac0415dd4b2dbd16b902c8954"},
    {file = "numpy-1.19.1-cp37-cp37m-win32.whl", hash = "sha256:b12e639378c741add21fbffd16ba5ad25c0a1a17cf2b6fe4288feeb65144f35b"},
    {file = "numpy-1.19.1-cp37-cp37m-win_amd64.whl", hash = "sha256:8343bf67c72e09cfabfab55ad4a43ce3f6bf6e6ced7acf70f45ded9ebb425055"},
    {file = "numpy-1.19.1-cp38-cp38-macosx_10_9_x86_64.whl", hash = "sha256:e45f8e981a0ab47103181773cc0a54e650b2aef8c7b6cd07405d0fa8d869444a"},
    {file = "numpy-1.19.1-cp38-cp38-manylinux1_i686.whl", hash = "sha256:667c07063940e934287993366ad5f56766bc009017b4a0fe91dbd07960d0aba7"},
    {file = "numpy-1.19.1-cp38-cp38-manylinux1_x86_64.whl", hash = "sha256:480fdd4dbda4dd6b638d3863da3be82873bba6d32d1fc12ea1b8486ac7b8d129"},
    {file = "numpy-1.19.1-cp38-cp38-manylinux2010_i686.whl", hash = "sha256:935c27ae2760c21cd7354402546f6be21d3d0c806fffe967f745d5f2de5005a7"},
    {file = "numpy-1.19.1-cp38-cp38-manylinux2010_x86_64.whl", hash = "sha256:309cbcfaa103fc9a33ec16d2d62569d541b79f828c382556ff072442226d1968"},
    {file = "numpy-1.19.1-cp38-cp38-manylinux2014_aarch64.whl", hash = "sha256:7ed448ff4eaffeb01094959b19cbaf998ecdee9ef9932381420d514e446601cd"},
    {file = "numpy-1.19.1-cp38-cp38-win32.whl", hash = "sha256:de8b4a9b56255797cbddb93281ed92acbc510fb7b15df3f01bd28f46ebc4edae"},
    {file = "numpy-1.19.1-cp38-cp38-win_amd64.whl", hash = "sha256:92feb989b47f83ebef246adabc7ff3b9a59ac30601c3f6819f8913458610bdcc"},
    {file = "numpy-1.19.1-pp36-pypy36_pp73-manylinux2010_x86_64.whl", hash = "sha256:e1b1dc0372f530f26a03578ac75d5e51b3868b9b76cd2facba4c9ee0eb252ab1"},
    {file = "numpy-1.19.1.zip", hash = "sha256:b8456987b637232602ceb4d663cb34106f7eb780e247d51a260b84760fd8f491"},
]
packaging = [
    {file = "packaging-20.4-py2.py3-none-any.whl", hash = "sha256:998416ba6962ae7fbd6596850b80e17859a5753ba17c32284f67bfff33784181"},
    {file = "packaging-20.4.tar.gz", hash = "sha256:4357f74f47b9c12db93624a82154e9b120fa8293699949152b22065d556079f8"},
]
pluggy = [
    {file = "pluggy-0.13.1-py2.py3-none-any.whl", hash = "sha256:966c145cd83c96502c3c3868f50408687b38434af77734af1e9ca461a4081d2d"},
    {file = "pluggy-0.13.1.tar.gz", hash = "sha256:15b2acde666561e1298d71b523007ed7364de07029219b604cf808bfa1c765b0"},
]
py = [
    {file = "py-1.9.0-py2.py3-none-any.whl", hash = "sha256:366389d1db726cd2fcfc79732e75410e5fe4d31db13692115529d34069a043c2"},
    {file = "py-1.9.0.tar.gz", hash = "sha256:9ca6883ce56b4e8da7e79ac18787889fa5206c79dcc67fb065376cd2fe03f342"},
]
pycparser = [
    {file = "pycparser-2.20-py2.py3-none-any.whl", hash = "sha256:7582ad22678f0fcd81102833f60ef8d0e57288b6b5fb00323d101be910e35705"},
    {file = "pycparser-2.20.tar.gz", hash = "sha256:2d475327684562c3a96cc71adf7dc8c4f0565175cf86b6d7a404ff4c771f15f0"},
]
pyparsing = [
    {file = "pyparsing-2.4.7-py2.py3-none-any.whl", hash = "sha256:ef9d7589ef3c200abe66653d3f1ab1033c3c419ae9b9bdb1240a85b024efc88b"},
    {file = "pyparsing-2.4.7.tar.gz", hash = "sha256:c203ec8783bf771a155b207279b9bccb8dea02d8f0c9e5f8ead507bc3246ecc1"},
]
pytest = [
    {file = "pytest-5.4.3-py3-none-any.whl", hash = "sha256:5c0db86b698e8f170ba4582a492248919255fcd4c79b1ee64ace34301fb589a1"},
    {file = "pytest-5.4.3.tar.gz", hash = "sha256:7979331bfcba207414f5e1263b5a0f8f521d0f457318836a7355531ed1a4c7d8"},
]
six = [
    {file = "six-1.15.0-py2.py3-none-any.whl", hash = "sha256:8b74bedcbbbaca38ff6d7491d76f2b06b3592611af620f8426e82dddb04a5ced"},
    {file = "six-1.15.0.tar.gz", hash = "sha256:30639c035cdb23534cd4aa2dd52c3bf48f06e5f4a941509c8bafd8ce11080259"},
]
wcwidth = [
    {file = "wcwidth-0.2.5-py2.py3-none-any.whl", hash = "sha256:beb4802a9cebb9144e99086eff703a642a13d6a0052920003a230f3294bbe784"},
    {file = "wcwidth-0.2.5.tar.gz", hash = "sha256:c4d647b99872929fdb7bdcaa4fbe7f01413ed3d98077df798530e5b04f116c83"},
]
werkzeug = [
    {file = "Werkzeug-1.0.1-py2.py3-none-any.whl", hash = "sha256:2de2a5db0baeae7b2d2664949077c2ac63fbd16d98da0ff71837f7d1dea3fd43"},
    {file = "Werkzeug-1.0.1.tar.gz", hash = "sha256:6c80b1e5ad3665290ea39320b91e1be1e0d5f60652b964a3070216de83d2e47c"},
]
"zope.event" = [
    {file = "zope.event-4.4-py2.py3-none-any.whl", hash = "sha256:d8e97d165fd5a0997b45f5303ae11ea3338becfe68c401dd88ffd2113fe5cae7"},
    {file = "zope.event-4.4.tar.gz", hash = "sha256:69c27debad9bdacd9ce9b735dad382142281ac770c4a432b533d6d65c4614bcf"},
]
"zope.interface" = [
    {file = "zope.interface-5.1.0-cp27-cp27m-macosx_10_9_x86_64.whl", hash = "sha256:645a7092b77fdbc3f68d3cc98f9d3e71510e419f54019d6e282328c0dd140dcd"},
    {file = "zope.interface-5.1.0-cp27-cp27m-manylinux1_i686.whl", hash = "sha256:d1fe9d7d09bb07228650903d6a9dc48ea649e3b8c69b1d263419cc722b3938e8"},
    {file = "zope.interface-5.1.0-cp27-cp27m-manylinux1_x86_64.whl", hash = "sha256:a744132d0abaa854d1aad50ba9bc64e79c6f835b3e92521db4235a1991176813"},
    {file = "zope.interface-5.1.0-cp27-cp27m-manylinux2010_i686.whl", hash = "sha256:461d4339b3b8f3335d7e2c90ce335eb275488c587b61aca4b305196dde2ff086"},
    {file = "zope.interface-5.1.0-cp27-cp27m-manylinux2010_x86_64.whl", hash = "sha256:269b27f60bcf45438e8683269f8ecd1235fa13e5411de93dae3b9ee4fe7f7bc7"},
    {file = "zope.interface-5.1.0-cp27-cp27m-win32.whl", hash = "sha256:6874367586c020705a44eecdad5d6b587c64b892e34305bb6ed87c9bbe22a5e9"},
    {file = "zope.interface-5.1.0-cp27-cp27m-win_amd64.whl", hash = "sha256:8149ded7f90154fdc1a40e0c8975df58041a6f693b8f7edcd9348484e9dc17fe"},
    {file = "zope.interface-5.1.0-cp27-cp27mu-manylinux1_i686.whl", hash = "sha256:0103cba5ed09f27d2e3de7e48bb320338592e2fabc5ce1432cf33808eb2dfd8b"},
    {file = "zope.interface-5.1.0-cp27-cp27mu-manylinux1_x86_64.whl", hash = "sha256:b0becb75418f8a130e9d465e718316cd17c7a8acce6fe8fe07adc72762bee425"},
    {file = "zope.interface-5.1.0-cp27-cp27mu-manylinux2010_i686.whl", hash = "sha256:fb55c182a3f7b84c1a2d6de5fa7b1a05d4660d866b91dbf8d74549c57a1499e8"},
    {file = "zope.interface-5.1.0-cp27-cp27mu-manylinux2010_x86_64.whl", hash = "sha256:4f98f70328bc788c86a6a1a8a14b0ea979f81ae6015dd6c72978f1feff70ecda"},
    {file = "zope.interface-5.1.0-cp35-cp35m-macosx_10_6_intel.whl", hash = "sha256:af2c14efc0bb0e91af63d00080ccc067866fb8cbbaca2b0438ab4105f5e0f08d"},
    {file = "zope.interface-5.1.0-cp35-cp35m-manylinux1_i686.whl", hash = "sha256:f68bf937f113b88c866d090fea0bc52a098695173fc613b055a17ff0cf9683b6"},
    {file = "zope.interface-5.1.0-cp35-cp35m-manylinux1_x86_64.whl", hash = "sha256:d7804f6a71fc2dda888ef2de266727ec2f3915373d5a785ed4ddc603bbc91e08"},
    {file = "zope.interface-5.1.0-cp35-cp35m-manylinux2010_i686.whl", hash = "sha256:74bf0a4f9091131de09286f9a605db449840e313753949fe07c8d0fe7659ad1e"},
    {file = "zope.interface-5.1.0-cp35-cp35m-manylinux2010_x86_64.whl", hash = "sha256:ba4261c8ad00b49d48bbb3b5af388bb7576edfc0ca50a49c11dcb77caa1d897e"},
    {file = "zope.interface-5.1.0-cp35-cp35m-win32.whl", hash = "sha256:ebb4e637a1fb861c34e48a00d03cffa9234f42bef923aec44e5625ffb9a8e8f9"},
    {file = "zope.interface-5.1.0-cp35-cp35m-win_amd64.whl", hash = "sha256:911714b08b63d155f9c948da2b5534b223a1a4fc50bb67139ab68b277c938578"},
    {file = "zope.interface-5.1.0-cp36-cp36m-macosx_10_6_intel.whl", hash = "sha256:e74671e43ed4569fbd7989e5eecc7d06dc134b571872ab1d5a88f4a123814e9f"},
    {file = "zope.interface-5.1.0-cp36-cp36m-manylinux1_i686.whl", hash = "sha256:b1d2ed1cbda2ae107283befd9284e650d840f8f7568cb9060b5466d25dc48975"},
    {file = "zope.interface-5.1.0-cp36-cp36m-manylinux1_x86_64.whl", hash = "sha256:ef739fe89e7f43fb6494a43b1878a36273e5924869ba1d866f752c5812ae8d58"},
    {file = "zope.interface-5.1.0-cp36-cp36m-manylinux2010_i686.whl", hash = "sha256:eb9b92f456ff3ec746cd4935b73c1117538d6124b8617bc0fe6fda0b3816e345"},
    {file = "zope.interface-5.1.0-cp36-cp36m-manylinux2010_x86_64.whl", hash = "sha256:dcefc97d1daf8d55199420e9162ab584ed0893a109f45e438b9794ced44c9fd0"},
    {file = "zope.interface-5.1.0-cp36-cp36m-win32.whl", hash = "sha256:f40db0e02a8157d2b90857c24d89b6310f9b6c3642369852cdc3b5ac49b92afc"},
    {file = "zope.interface-5.1.0-cp36-cp36m-win_amd64.whl", hash = "sha256:14415d6979356629f1c386c8c4249b4d0082f2ea7f75871ebad2e29584bd16c5"},
    {file = "zope.interface-5.1.0-cp37-cp37m-macosx_10_9_x86_64.whl", hash = "sha256:5e86c66a6dea8ab6152e83b0facc856dc4d435fe0f872f01d66ce0a2131b7f1d"},
    {file = "zope.interface-5.1.0-cp37-cp37m-manylinux1_i686.whl", hash = "sha256:39106649c3082972106f930766ae23d1464a73b7d30b3698c986f74bf1256a34"},
    {file = "zope.interface-5.1.0-cp37-cp37m-manylinux1_x86_64.whl", hash = "sha256:8cccf7057c7d19064a9e27660f5aec4e5c4001ffcf653a47531bde19b5aa2a8a"},
    {file = "zope.interface-5.1.0-cp37-cp37m-manylinux2010_i686.whl", hash = "sha256:562dccd37acec149458c1791da459f130c6cf8902c94c93b8d47c6337b9fb826"},
    {file = "zope.interface-5.1.0-cp37-cp37m-manylinux2010_x86_64.whl", hash = "sha256:da2844fba024dd58eaa712561da47dcd1e7ad544a257482392472eae1c86d5e5"},
    {file = "zope.interface-5.1.0-cp37-cp37m-win32.whl", hash = "sha256:1ae4693ccee94c6e0c88a4568fb3b34af8871c60f5ba30cf9f94977ed0e53ddd"},
    {file = "zope.interface-5.1.0-cp37-cp37m-win_amd64.whl", hash = "sha256:dd98c436a1fc56f48c70882cc243df89ad036210d871c7427dc164b31500dc11"},
    {file = "zope.interface-5.1.0-cp38-cp38-macosx_10_9_x86_64.whl", hash = "sha256:1b87ed2dc05cb835138f6a6e3595593fea3564d712cb2eb2de963a41fd35758c"},
    {file = "zope.interface-5.1.0-cp38-cp38-manylinux1_i686.whl", hash = "sha256:558a20a0845d1a5dc6ff87cd0f63d7dac982d7c3be05d2ffb6322a87c17fa286"},
    {file = "zope.interface-5.1.0-cp38-cp38-manylinux1_x86_64.whl", hash = "sha256:7b726194f938791a6691c7592c8b9e805fc6d1b9632a833b9c0640828cd49cbc"},
    {file = "zope.interface-5.1.0-cp38-cp38-manylinux2010_i686.whl", hash = "sha256:60a207efcd8c11d6bbeb7862e33418fba4e4ad79846d88d160d7231fcb42a5ee"},
    {file = "zope.interface-5.1.0-cp38-cp38-manylinux2010_x86_64.whl", hash = "sha256:b054eb0a8aa712c8e9030065a59b5e6a5cf0746ecdb5f087cca5ec7685690c19"},
    {file = "zope.interface-5.1.0-cp38-cp38-win32.whl", hash = "sha256:27d287e61639d692563d9dab76bafe071fbeb26818dd6a32a0022f3f7ca884b5"},
    {file = "zope.interface-5.1.0-cp38-cp38-win_amd64.whl", hash = "sha256:a5f8f85986197d1dd6444763c4a15c991bfed86d835a1f6f7d476f7198d5f56a"},
    {file = "zope.interface-5.1.0.tar.gz", hash = "sha256:40e4c42bd27ed3c11b2c983fecfb03356fae1209de10686d03c02c8696a1d90e"},
]
